
Microsoft Visual Studio Solution File, Format Version 12.00
# Visual Studio Version 17
VisualStudioVersion = 17.5.002.0
MinimumVisualStudioVersion = 10.0.40219.1
Project("{2150E333-8FDC-42A3-9474-1A3956D46DE8}") = "csharp-prep", "csharp-prep", "{DD958E6B-8434-4E2B-B843-ED1E1CED7774}"
EndProject
Project("{9A19103F-16F7-4668-BE54-9A1E7A4F7556}") = "Prep1", "csharp-prep\Prep1\Prep1.csproj", "{25D87BE9-A97C-4D7D-87E7-C498703D5422}"
EndProject
Project("{9A19103F-16F7-4668-BE54-9A1E7A4F7556}") = "Prep2", "csharp-prep\Prep2\Prep2.csproj", "{49D1FFFA-B42D-431E-B3D7-A3A4CEA9E072}"
EndProject
Project("{9A19103F-16F7-4668-BE54-9A1E7A4F7556}") = "Prep3", "csharp-prep\Prep3\Prep3.csproj", "{4786C169-442F-4541-B0E9-57B554A5A297}"
EndProject
Project("{9A19103F-16F7-4668-BE54-9A1E7A4F7556}") = "Prep4", "csharp-prep\Prep4\Prep4.csproj", "{2BAB99F0-E770-4699-8570-2A25A60C67F5}"
EndProject
Project("{9A19103F-16F7-4668-BE54-9A1E7A4F7556}") = "Prep5", "csharp-prep\Prep5\Prep5.csproj", "{DBFF9795-6701-4BA6-9EC8-8E383F974B55}"
EndProject
Project("{2150E333-8FDC-42A3-9474-1A3956D46DE8}") = "final", "final", "{06D2977D-35AD-4693-9121-D367072C4988}"
EndProject
Project("{9A19103F-16F7-4668-BE54-9A1E7A4F7556}") = "FinalProject", "final\FinalProject\FinalProject.csproj", "{17BE06EA-5151-420E-9FAF-9F2FBD8A9796}"
EndProject
Project("{9A19103F-16F7-4668-BE54-9A1E7A4F7556}") = "Foundation1", "final\Foundation1\Foundation1.csproj", "{E20011B5-1450-4269-B158-4A45B31A186D}"
EndProject
Project("{9A19103F-16F7-4668-BE54-9A1E7A4F7556}") = "Foundation2", "final\Foundation2\Foundation2.csproj", "{469BD48E-F982-4F3B-97EF-6B184CF5C5BE}"
EndProject
Project("{9A19103F-16F7-4668-BE54-9A1E7A4F7556}") = "Foundation3", "final\Foundation3\Foundation3.csproj", "{F37D6122-A1B4-4748-AD44-F9F27D0F5493}"
EndProject
Project("{9A19103F-16F7-4668-BE54-9A1E7A4F7556}") = "Foundation4", "final\Foundation4\Foundation4.csproj", "{DEA24EA9-4B72-4996-B8D6-BF24871FA022}"
EndProject
Project("{2150E333-8FDC-42A3-9474-1A3956D46DE8}") = "prepare", "prepare", "{D5A37EC7-D445-4DCB-BC0E-E1CDC8954B29}"
EndProject
Project("{9A19103F-16F7-4668-BE54-9A1E7A4F7556}") = "Learning02", "prepare\Learning02\Learning02.csproj", "{8BE5C03E-EDA2-49A5-806A-4BCAA769F33F}"
EndProject
Project("{9A19103F-16F7-4668-BE54-9A1E7A4F7556}") = "Learning03", "prepare\Learning03\Learning03.csproj", "{0AC72273-1CC6-4FD6-B790-88E144C65B1A}"
EndProject
Project("{9A19103F-16F7-4668-BE54-9A1E7A4F7556}") = "Learning04", "prepare\Learning04\Learning04.csproj", "{BF7C940A-3F88-463D-BB2A-F72DB71FE778}"
EndProject
Project("{9A19103F-16F7-4668-BE54-9A1E7A4F7556}") = "Learning05", "prepare\Learning05\Learning05.csproj", "{8293CEE2-E62C-471F-A544-62112B473ACE}"
EndProject
Project("{2150E333-8FDC-42A3-9474-1A3956D46DE8}") = "prove", "prove", "{3C97959C-7818-4BF7-BF09-8B78EFEDF393}"
EndProject
Project("{9A19103F-16F7-4668-BE54-9A1E7A4F7556}") = "Develop02", "prove\Develop02\Develop02.csproj", "{963E4EA5-BD27-493D-B86A-0A8578704F34}"
EndProject
Project("{9A19103F-16F7-4668-BE54-9A1E7A4F7556}") = "Develop03", "prove\Develop03\Develop03.csproj", "{C7D7203C-5050-4452-9E05-7999899D20C9}"
EndProject
Project("{9A19103F-16F7-4668-BE54-9A1E7A4F7556}") = "Develop04", "prove\Develop04\Develop04.csproj", "{461620BC-D951-4823-9DF6-537267ADD18C}"
EndProject
Project("{9A19103F-16F7-4668-BE54-9A1E7A4F7556}") = "Develop05", "prove\Develop05\Develop05.csproj", "{CFD357F6-C50E-42D1-83D6-990F909918B6}"
EndProject
Project("{2150E333-8FDC-42A3-9474-1A3956D46DE8}") = "sandbox", "sandbox", "{2EB1C8CE-BCE0-479A-84AD-D8E63E04F9FB}"
EndProject
Project("{9A19103F-16F7-4668-BE54-9A1E7A4F7556}") = "Sandbox", "sandbox\Sandbox\Sandbox.csproj", "{9516F4A2-0F37-4679-9593-01743BD3ABE5}"
EndProject
Global
	GlobalSection(SolutionConfigurationPlatforms) = preSolution
		Debug|Any CPU = Debug|Any CPU
		Release|Any CPU = Release|Any CPU
	EndGlobalSection
	GlobalSection(ProjectConfigurationPlatforms) = postSolution
		{25D87BE9-A97C-4D7D-87E7-C498703D5422}.Debug|Any CPU.ActiveCfg = Debug|Any CPU
		{25D87BE9-A97C-4D7D-87E7-C498703D5422}.Debug|Any CPU.Build.0 = Debug|Any CPU
		{25D87BE9-A97C-4D7D-87E7-C498703D5422}.Release|Any CPU.ActiveCfg = Release|Any CPU
		{25D87BE9-A97C-4D7D-87E7-C498703D5422}.Release|Any CPU.Build.0 = Release|Any CPU
		{49D1FFFA-B42D-431E-B3D7-A3A4CEA9E072}.Debug|Any CPU.ActiveCfg = Debug|Any CPU
		{49D1FFFA-B42D-431E-B3D7-A3A4CEA9E072}.Debug|Any CPU.Build.0 = Debug|Any CPU
		{49D1FFFA-B42D-431E-B3D7-A3A4CEA9E072}.Release|Any CPU.ActiveCfg = Release|Any CPU
		{49D1FFFA-B42D-431E-B3D7-A3A4CEA9E072}.Release|Any CPU.Build.0 = Release|Any CPU
		{4786C169-442F-4541-B0E9-57B554A5A297}.Debug|Any CPU.ActiveCfg = Debug|Any CPU
		{4786C169-442F-4541-B0E9-57B554A5A297}.Debug|Any CPU.Build.0 = Debug|Any CPU
		{4786C169-442F-4541-B0E9-57B554A5A297}.Release|Any CPU.ActiveCfg = Release|Any CPU
		{4786C169-442F-4541-B0E9-57B554A5A297}.Release|Any CPU.Build.0 = Release|Any CPU
		{2BAB99F0-E770-4699-8570-2A25A60C67F5}.Debug|Any CPU.ActiveCfg = Debug|Any CPU
		{2BAB99F0-E770-4699-8570-2A25A60C67F5}.Debug|Any CPU.Build.0 = Debug|Any CPU
		{2BAB99F0-E770-4699-8570-2A25A60C67F5}.Release|Any CPU.ActiveCfg = Release|Any CPU
		{2BAB99F0-E770-4699-8570-2A25A60C67F5}.Release|Any CPU.Build.0 = Release|Any CPU
		{DBFF9795-6701-4BA6-9EC8-8E383F974B55}.Debug|Any CPU.ActiveCfg = Debug|Any CPU
		{DBFF9795-6701-4BA6-9EC8-8E383F974B55}.Debug|Any CPU.Build.0 = Debug|Any CPU
		{DBFF9795-6701-4BA6-9EC8-8E383F974B55}.Release|Any CPU.ActiveCfg = Release|Any CPU
		{DBFF9795-6701-4BA6-9EC8-8E383F974B55}.Release|Any CPU.Build.0 = Release|Any CPU
		{17BE06EA-5151-420E-9FAF-9F2FBD8A9796}.Debug|Any CPU.ActiveCfg = Debug|Any CPU
		{17BE06EA-5151-420E-9FAF-9F2FBD8A9796}.Debug|Any CPU.Build.0 = Debug|Any CPU
		{17BE06EA-5151-420E-9FAF-9F2FBD8A9796}.Release|Any CPU.ActiveCfg = Release|Any CPU
		{17BE06EA-5151-420E-9FAF-9F2FBD8A9796}.Release|Any CPU.Build.0 = Release|Any CPU
		{E20011B5-1450-4269-B158-4A45B31A186D}.Debug|Any CPU.ActiveCfg = Debug|Any CPU
		{E20011B5-1450-4269-B158-4A45B31A186D}.Debug|Any CPU.Build.0 = Debug|Any CPU
		{E20011B5-1450-4269-B158-4A45B31A186D}.Release|Any CPU.ActiveCfg = Release|Any CPU
		{E20011B5-1450-4269-B158-4A45B31A186D}.Release|Any CPU.Build.0 = Release|Any CPU
		{469BD48E-F982-4F3B-97EF-6B184CF5C5BE}.Debug|Any CPU.ActiveCfg = Debug|Any CPU
		{469BD48E-F982-4F3B-97EF-6B184CF5C5BE}.Debug|Any CPU.Build.0 = Debug|Any CPU
		{469BD48E-F982-4F3B-97EF-6B184CF5C5BE}.Release|Any CPU.ActiveCfg = Release|Any CPU
		{469BD48E-F982-4F3B-97EF-6B184CF5C5BE}.Release|Any CPU.Build.0 = Release|Any CPU
		{F37D6122-A1B4-4748-AD44-F9F27D0F5493}.Debug|Any CPU.ActiveCfg = Debug|Any CPU
		{F37D6122-A1B4-4748-AD44-F9F27D0F5493}.Debug|Any CPU.Build.0 = Debug|Any CPU
		{F37D6122-A1B4-4748-AD44-F9F27D0F5493}.Release|Any CPU.ActiveCfg = Release|Any CPU
		{F37D6122-A1B4-4748-AD44-F9F27D0F5493}.Release|Any CPU.Build.0 = Release|Any CPU
		{DEA24EA9-4B72-4996-B8D6-BF24871FA022}.Debug|Any CPU.ActiveCfg = Debug|Any CPU
		{DEA24EA9-4B72-4996-B8D6-BF24871FA022}.Debug|Any CPU.Build.0 = Debug|Any CPU
		{DEA24EA9-4B72-4996-B8D6-BF24871FA022}.Release|Any CPU.ActiveCfg = Release|Any CPU
		{DEA24EA9-4B72-4996-B8D6-BF24871FA022}.Release|Any CPU.Build.0 = Release|Any CPU
		{8BE5C03E-EDA2-49A5-806A-4BCAA769F33F}.Debug|Any CPU.ActiveCfg = Debug|Any CPU
		{8BE5C03E-EDA2-49A5-806A-4BCAA769F33F}.Debug|Any CPU.Build.0 = Debug|Any CPU
		{8BE5C03E-EDA2-49A5-806A-4BCAA769F33F}.Release|Any CPU.ActiveCfg = Release|Any CPU
		{8BE5C03E-EDA2-49A5-806A-4BCAA769F33F}.Release|Any CPU.Build.0 = Release|Any CPU
		{0AC72273-1CC6-4FD6-B790-88E144C65B1A}.Debug|Any CPU.ActiveCfg = Debug|Any CPU
		{0AC72273-1CC6-4FD6-B790-88E144C65B1A}.Debug|Any CPU.Build.0 = Debug|Any CPU
		{0AC72273-1CC6-4FD6-B790-88E144C65B1A}.Release|Any CPU.ActiveCfg = Release|Any CPU
		{0AC72273-1CC6-4FD6-B790-88E144C65B1A}.Release|Any CPU.Build.0 = Release|Any CPU
		{BF7C940A-3F88-463D-BB2A-F72DB71FE778}.Debug|Any CPU.ActiveCfg = Debug|Any CPU
		{BF7C940A-3F88-463D-BB2A-F72DB71FE778}.Debug|Any CPU.Build.0 = Debug|Any CPU
		{BF7C940A-3F88-463D-BB2A-F72DB71FE778}.Release|Any CPU.ActiveCfg = Release|Any CPU
		{BF7C940A-3F88-463D-BB2A-F72DB71FE778}.Release|Any CPU.Build.0 = Release|Any CPU
		{8293CEE2-E62C-471F-A544-62112B473ACE}.Debug|Any CPU.ActiveCfg = Debug|Any CPU
		{8293CEE2-E62C-471F-A544-62112B473ACE}.Debug|Any CPU.Build.0 = Debug|Any CPU
		{8293CEE2-E62C-471F-A544-62112B473ACE}.Release|Any CPU.ActiveCfg = Release|Any CPU
		{8293CEE2-E62C-471F-A544-62112B473ACE}.Release|Any CPU.Build.0 = Release|Any CPU
		{963E4EA5-BD27-493D-B86A-0A8578704F34}.Debug|Any CPU.ActiveCfg = Debug|Any CPU
		{963E4EA5-BD27-493D-B86A-0A8578704F34}.Debug|Any CPU.Build.0 = Debug|Any CPU
		{963E4EA5-BD27-493D-B86A-0A8578704F34}.Release|Any CPU.ActiveCfg = Release|Any CPU
		{963E4EA5-BD27-493D-B86A-0A8578704F34}.Release|Any CPU.Build.0 = Release|Any CPU
		{C7D7203C-5050-4452-9E05-7999899D20C9}.Debug|Any CPU.ActiveCfg = Debug|Any CPU
		{C7D7203C-5050-4452-9E05-7999899D20C9}.Debug|Any CPU.Build.0 = Debug|Any CPU
		{C7D7203C-5050-4452-9E05-7999899D20C9}.Release|Any CPU.ActiveCfg = Release|Any CPU
		{C7D7203C-5050-4452-9E05-7999899D20C9}.Release|Any CPU.Build.0 = Release|Any CPU
		{461620BC-D951-4823-9DF6-537267ADD18C}.Debug|Any CPU.ActiveCfg = Debug|Any CPU
		{461620BC-D951-4823-9DF6-537267ADD18C}.Debug|Any CPU.Build.0 = Debug|Any CPU
		{461620BC-D951-4823-9DF6-537267ADD18C}.Release|Any CPU.ActiveCfg = Release|Any CPU
		{461620BC-D951-4823-9DF6-537267ADD18C}.Release|Any CPU.Build.0 = Release|Any CPU
		{CFD357F6-C50E-42D1-83D6-990F909918B6}.Debug|Any CPU.ActiveCfg = Debug|Any CPU
		{CFD357F6-C50E-42D1-83D6-990F909918B6}.Debug|Any CPU.Build.0 = Debug|Any CPU
		{CFD357F6-C50E-42D1-83D6-990F909918B6}.Release|Any CPU.ActiveCfg = Release|Any CPU
		{CFD357F6-C50E-42D1-83D6-990F909918B6}.Release|Any CPU.Build.0 = Release|Any CPU
		{9516F4A2-0F37-4679-9593-01743BD3ABE5}.Debug|Any CPU.ActiveCfg = Debug|Any CPU
		{9516F4A2-0F37-4679-9593-01743BD3ABE5}.Debug|Any CPU.Build.0 = Debug|Any CPU
		{9516F4A2-0F37-4679-9593-01743BD3ABE5}.Release|Any CPU.ActiveCfg = Release|Any CPU
		{9516F4A2-0F37-4679-9593-01743BD3ABE5}.Release|Any CPU.Build.0 = Release|Any CPU
	EndGlobalSection
	GlobalSection(SolutionProperties) = preSolution
		HideSolutionNode = FALSE
	EndGlobalSection
	GlobalSection(NestedProjects) = preSolution
		{25D87BE9-A97C-4D7D-87E7-C498703D5422} = {DD958E6B-8434-4E2B-B843-ED1E1CED7774}
		{49D1FFFA-B42D-431E-B3D7-A3A4CEA9E072} = {DD958E6B-8434-4E2B-B843-ED1E1CED7774}
		{4786C169-442F-4541-B0E9-57B554A5A297} = {DD958E6B-8434-4E2B-B843-ED1E1CED7774}
		{2BAB99F0-E770-4699-8570-2A25A60C67F5} = {DD958E6B-8434-4E2B-B843-ED1E1CED7774}
		{DBFF9795-6701-4BA6-9EC8-8E383F974B55} = {DD958E6B-8434-4E2B-B843-ED1E1CED7774}
		{17BE06EA-5151-420E-9FAF-9F2FBD8A9796} = {06D2977D-35AD-4693-9121-D367072C4988}
		{E20011B5-1450-4269-B158-4A45B31A186D} = {06D2977D-35AD-4693-9121-D367072C4988}
		{469BD48E-F982-4F3B-97EF-6B184CF5C5BE} = {06D2977D-35AD-4693-9121-D367072C4988}
		{F37D6122-A1B4-4748-AD44-F9F27D0F5493} = {06D2977D-35AD-4693-9121-D367072C4988}
		{DEA24EA9-4B72-4996-B8D6-BF24871FA022} = {06D2977D-35AD-4693-9121-D367072C4988}
		{8BE5C03E-EDA2-49A5-806A-4BCAA769F33F} = {D5A37EC7-D445-4DCB-BC0E-E1CDC8954B29}
		{0AC72273-1CC6-4FD6-B790-88E144C65B1A} = {D5A37EC7-D445-4DCB-BC0E-E1CDC8954B29}
		{BF7C940A-3F88-463D-BB2A-F72DB71FE778} = {D5A37EC7-D445-4DCB-BC0E-E1CDC8954B29}
		{8293CEE2-E62C-471F-A544-62112B473ACE} = {D5A37EC7-D445-4DCB-BC0E-E1CDC8954B29}
		{963E4EA5-BD27-493D-B86A-0A8578704F34} = {3C97959C-7818-4BF7-BF09-8B78EFEDF393}
		{C7D7203C-5050-4452-9E05-7999899D20C9} = {3C97959C-7818-4BF7-BF09-8B78EFEDF393}
		{461620BC-D951-4823-9DF6-537267ADD18C} = {3C97959C-7818-4BF7-BF09-8B78EFEDF393}
		{CFD357F6-C50E-42D1-83D6-990F909918B6} = {3C97959C-7818-4BF7-BF09-8B78EFEDF393}
		{9516F4A2-0F37-4679-9593-01743BD3ABE5} = {2EB1C8CE-BCE0-479A-84AD-D8E63E04F9FB}
	EndGlobalSection
	GlobalSection(ExtensibilityGlobals) = postSolution
		SolutionGuid = {439C1022-C350-4426-9E03-813C88194E15}
	EndGlobalSection
EndGlobal
